
Microsoft Visual Studio Solution File, Format Version 12.00
# Visual Studio 14
VisualStudioVersion = 14.0.25420.1
MinimumVisualStudioVersion = 10.0.40219.1
Project("{FAE04EC0-301F-11D3-BF4B-00C04F79EFBC}") = "Capa2_Aplicacion", "Capa2_Aplicacion\Capa2_Aplicacion.csproj", "{A8CD3CF3-710A-4949-84FB-4472C4337BDF}"
EndProject
Project("{FAE04EC0-301F-11D3-BF4B-00C04F79EFBC}") = "Capa3_Dominio", "Capa3_Dominio\Capa3_Dominio.csproj", "{031616BD-C34D-4BDC-9EC9-0E8838043F1A}"
EndProject
Project("{FAE04EC0-301F-11D3-BF4B-00C04F79EFBC}") = "Capa4_Persistencia", "Capa4_Persistencia\Capa4_Persistencia.csproj", "{1B569AB0-117B-4D4F-9B45-0F6F6C7BD1CD}"
EndProject
Project("{FAE04EC0-301F-11D3-BF4B-00C04F79EFBC}") = "Capa1", "Capa1\Capa1.csproj", "{34A72D29-2CBD-41E0-A640-5F9D6AE37286}"
EndProject
Global
	GlobalSection(SolutionConfigurationPlatforms) = preSolution
		Debug|Any CPU = Debug|Any CPU
		Release|Any CPU = Release|Any CPU
	EndGlobalSection
	GlobalSection(ProjectConfigurationPlatforms) = postSolution
		{A8CD3CF3-710A-4949-84FB-4472C4337BDF}.Debug|Any CPU.ActiveCfg = Debug|Any CPU
		{A8CD3CF3-710A-4949-84FB-4472C4337BDF}.Debug|Any CPU.Build.0 = Debug|Any CPU
		{A8CD3CF3-710A-4949-84FB-4472C4337BDF}.Release|Any CPU.ActiveCfg = Release|Any CPU
		{A8CD3CF3-710A-4949-84FB-4472C4337BDF}.Release|Any CPU.Build.0 = Release|Any CPU
		{031616BD-C34D-4BDC-9EC9-0E8838043F1A}.Debug|Any CPU.ActiveCfg = Debug|Any CPU
		{031616BD-C34D-4BDC-9EC9-0E8838043F1A}.Debug|Any CPU.Build.0 = Debug|Any CPU
		{031616BD-C34D-4BDC-9EC9-0E8838043F1A}.Release|Any CPU.ActiveCfg = Release|Any CPU
		{031616BD-C34D-4BDC-9EC9-0E8838043F1A}.Release|Any CPU.Build.0 = Release|Any CPU
		{1B569AB0-117B-4D4F-9B45-0F6F6C7BD1CD}.Debug|Any CPU.ActiveCfg = Debug|Any CPU
		{1B569AB0-117B-4D4F-9B45-0F6F6C7BD1CD}.Debug|Any CPU.Build.0 = Debug|Any CPU
		{1B569AB0-117B-4D4F-9B45-0F6F6C7BD1CD}.Release|Any CPU.ActiveCfg = Release|Any CPU
		{1B569AB0-117B-4D4F-9B45-0F6F6C7BD1CD}.Release|Any CPU.Build.0 = Release|Any CPU
		{34A72D29-2CBD-41E0-A640-5F9D6AE37286}.Debug|Any CPU.ActiveCfg = Debug|Any CPU
		{34A72D29-2CBD-41E0-A640-5F9D6AE37286}.Debug|Any CPU.Build.0 = Debug|Any CPU
		{34A72D29-2CBD-41E0-A640-5F9D6AE37286}.Release|Any CPU.ActiveCfg = Release|Any CPU
		{34A72D29-2CBD-41E0-A640-5F9D6AE37286}.Release|Any CPU.Build.0 = Release|Any CPU
	EndGlobalSection
	GlobalSection(SolutionProperties) = preSolution
		HideSolutionNode = FALSE
	EndGlobalSection
EndGlobal
